
Microsoft Visual Studio Solution File, Format Version 12.00
# Visual Studio 15
VisualStudioVersion = 15.0.26730.16
MinimumVisualStudioVersion = 10.0.40219.1
Project("{FAE04EC0-301F-11D3-BF4B-00C04F79EFBC}") = "RegexTextParser", "RegexTextParser\RegexTextParser.csproj", "{A416DD27-E3B4-490F-AEEC-0787E7DE05EA}"
EndProject
Project("{FAE04EC0-301F-11D3-BF4B-00C04F79EFBC}") = "RegexTextParserTests", "RegexTextParserTests\RegexTextParserTests.csproj", "{EE612291-A97D-402C-95ED-748F1906B55D}"
EndProject
Global
	GlobalSection(SolutionConfigurationPlatforms) = preSolution
		Debug|Any CPU = Debug|Any CPU
		Release|Any CPU = Release|Any CPU
	EndGlobalSection
	GlobalSection(ProjectConfigurationPlatforms) = postSolution
		{A416DD27-E3B4-490F-AEEC-0787E7DE05EA}.Debug|Any CPU.ActiveCfg = Debug|Any CPU
		{A416DD27-E3B4-490F-AEEC-0787E7DE05EA}.Debug|Any CPU.Build.0 = Debug|Any CPU
		{A416DD27-E3B4-490F-AEEC-0787E7DE05EA}.Release|Any CPU.ActiveCfg = Release|Any CPU
		{A416DD27-E3B4-490F-AEEC-0787E7DE05EA}.Release|Any CPU.Build.0 = Release|Any CPU
		{EE612291-A97D-402C-95ED-748F1906B55D}.Debug|Any CPU.ActiveCfg = Debug|Any CPU
		{EE612291-A97D-402C-95ED-748F1906B55D}.Debug|Any CPU.Build.0 = Debug|Any CPU
		{EE612291-A97D-402C-95ED-748F1906B55D}.Release|Any CPU.ActiveCfg = Release|Any CPU
		{EE612291-A97D-402C-95ED-748F1906B55D}.Release|Any CPU.Build.0 = Release|Any CPU
	EndGlobalSection
	GlobalSection(SolutionProperties) = preSolution
		HideSolutionNode = FALSE
	EndGlobalSection
	GlobalSection(ExtensibilityGlobals) = postSolution
		SolutionGuid = {34322ECB-EEC2-4102-B86F-45736324F2EC}
	EndGlobalSection
EndGlobal
